
Microsoft Visual Studio Solution File, Format Version 12.00
Project("{FAE04EC0-301F-11D3-BF4B-00C04F79EFBC}") = "oEmbedTester.Controllers", "src\oEmbedTester.Controllers\oEmbedTester.Controllers.csproj", "{DE4F6175-1D7B-4243-9628-9388C086EBC7}"
EndProject
Project("{FAE04EC0-301F-11D3-BF4B-00C04F79EFBC}") = "oEmbedTester.Handlers", "src\oEmbedTester.Handlers\oEmbedTester.Handlers.csproj", "{D44283E4-E008-4A23-9EA1-C0BABE425FD2}"
EndProject
Project("{FAE04EC0-301F-11D3-BF4B-00C04F79EFBC}") = "oEmbedTester.Domain", "src\oEmbedTester.Domain\oEmbedTester.Domain.csproj", "{8D545296-3C8C-4735-8555-CD853BDBA9AB}"
EndProject
Project("{FAE04EC0-301F-11D3-BF4B-00C04F79EFBC}") = "oEmbedTester.Services", "src\oEmbedTester.Services\oEmbedTester.Services.csproj", "{875C58F1-5EF1-4BF1-A2EF-B48D6870603D}"
EndProject
Global
	GlobalSection(SolutionConfigurationPlatforms) = preSolution
		Debug|Any CPU = Debug|Any CPU
		Release|Any CPU = Release|Any CPU
	EndGlobalSection
	GlobalSection(ProjectConfigurationPlatforms) = postSolution
		{DE4F6175-1D7B-4243-9628-9388C086EBC7}.Debug|Any CPU.ActiveCfg = Debug|Any CPU
		{DE4F6175-1D7B-4243-9628-9388C086EBC7}.Debug|Any CPU.Build.0 = Debug|Any CPU
		{DE4F6175-1D7B-4243-9628-9388C086EBC7}.Release|Any CPU.ActiveCfg = Release|Any CPU
		{DE4F6175-1D7B-4243-9628-9388C086EBC7}.Release|Any CPU.Build.0 = Release|Any CPU
		{D44283E4-E008-4A23-9EA1-C0BABE425FD2}.Debug|Any CPU.ActiveCfg = Debug|Any CPU
		{D44283E4-E008-4A23-9EA1-C0BABE425FD2}.Debug|Any CPU.Build.0 = Debug|Any CPU
		{D44283E4-E008-4A23-9EA1-C0BABE425FD2}.Release|Any CPU.ActiveCfg = Release|Any CPU
		{D44283E4-E008-4A23-9EA1-C0BABE425FD2}.Release|Any CPU.Build.0 = Release|Any CPU
		{8D545296-3C8C-4735-8555-CD853BDBA9AB}.Debug|Any CPU.ActiveCfg = Debug|Any CPU
		{8D545296-3C8C-4735-8555-CD853BDBA9AB}.Debug|Any CPU.Build.0 = Debug|Any CPU
		{8D545296-3C8C-4735-8555-CD853BDBA9AB}.Release|Any CPU.ActiveCfg = Release|Any CPU
		{8D545296-3C8C-4735-8555-CD853BDBA9AB}.Release|Any CPU.Build.0 = Release|Any CPU
		{875C58F1-5EF1-4BF1-A2EF-B48D6870603D}.Debug|Any CPU.ActiveCfg = Debug|Any CPU
		{875C58F1-5EF1-4BF1-A2EF-B48D6870603D}.Debug|Any CPU.Build.0 = Debug|Any CPU
		{875C58F1-5EF1-4BF1-A2EF-B48D6870603D}.Release|Any CPU.ActiveCfg = Release|Any CPU
		{875C58F1-5EF1-4BF1-A2EF-B48D6870603D}.Release|Any CPU.Build.0 = Release|Any CPU
	EndGlobalSection
EndGlobal
